
Microsoft Visual Studio Solution File, Format Version 12.00
# Visual Studio Version 17
VisualStudioVersion = 17.4.33213.308
MinimumVisualStudioVersion = 10.0.40219.1
Project("{FAE04EC0-301F-11D3-BF4B-00C04F79EFBC}") = "PZ_01", "PZ_01\PZ_01.csproj", "{DDA11AA7-E3E4-4B2A-A109-3CE8811D355B}"
EndProject
Global
	GlobalSection(SolutionConfigurationPlatforms) = preSolution
		Debug|Any CPU = Debug|Any CPU
		Release|Any CPU = Release|Any CPU
	EndGlobalSection
	GlobalSection(ProjectConfigurationPlatforms) = postSolution
		{DDA11AA7-E3E4-4B2A-A109-3CE8811D355B}.Debug|Any CPU.ActiveCfg = Debug|Any CPU
		{DDA11AA7-E3E4-4B2A-A109-3CE8811D355B}.Debug|Any CPU.Build.0 = Debug|Any CPU
		{DDA11AA7-E3E4-4B2A-A109-3CE8811D355B}.Release|Any CPU.ActiveCfg = Release|Any CPU
		{DDA11AA7-E3E4-4B2A-A109-3CE8811D355B}.Release|Any CPU.Build.0 = Release|Any CPU
	EndGlobalSection
	GlobalSection(SolutionProperties) = preSolution
		HideSolutionNode = FALSE
	EndGlobalSection
	GlobalSection(ExtensibilityGlobals) = postSolution
		SolutionGuid = {38FE0E20-FB85-456D-A8BC-189224B7636B}
	EndGlobalSection
EndGlobal
